
Microsoft Visual Studio Solution File, Format Version 12.00
# Visual Studio Version 16
VisualStudioVersion = 16.0.31019.35
MinimumVisualStudioVersion = 10.0.40219.1
Project("{FAE04EC0-301F-11D3-BF4B-00C04F79EFBC}") = "AgileCoding.Extentions.Exceptions", "AgileCoding.Extentions.Exceptions\AgileCoding.Extentions.Exceptions.csproj", "{534F0C52-79E5-4EFC-8BB7-365D705EA1DF}"
EndProject
Global
	GlobalSection(SolutionConfigurationPlatforms) = preSolution
		Debug|Any CPU = Debug|Any CPU
		Release|Any CPU = Release|Any CPU
	EndGlobalSection
	GlobalSection(ProjectConfigurationPlatforms) = postSolution
		{534F0C52-79E5-4EFC-8BB7-365D705EA1DF}.Debug|Any CPU.ActiveCfg = Debug|Any CPU
		{534F0C52-79E5-4EFC-8BB7-365D705EA1DF}.Debug|Any CPU.Build.0 = Debug|Any CPU
		{534F0C52-79E5-4EFC-8BB7-365D705EA1DF}.Release|Any CPU.ActiveCfg = Release|Any CPU
		{534F0C52-79E5-4EFC-8BB7-365D705EA1DF}.Release|Any CPU.Build.0 = Release|Any CPU
	EndGlobalSection
	GlobalSection(SolutionProperties) = preSolution
		HideSolutionNode = FALSE
	EndGlobalSection
	GlobalSection(ExtensibilityGlobals) = postSolution
		SolutionGuid = {A7CBED08-1F65-4577-A276-EE7878458E9C}
	EndGlobalSection
EndGlobal
